
Microsoft Visual Studio Solution File, Format Version 12.00
# Visual Studio 15
VisualStudioVersion = 15.0.28307.1022
MinimumVisualStudioVersion = 10.0.40219.1
Project("{9A19103F-16F7-4668-BE54-9A1E7A4F7556}") = "DiffSite", "DiffSite\DiffSite.csproj", "{71AB0B6A-3CE4-42FC-8E6D-3C41603BA611}"
EndProject
Project("{9A19103F-16F7-4668-BE54-9A1E7A4F7556}") = "DiffTextRewrite", "DiffTextRewrite\DiffTextRewrite.csproj", "{86EEA000-1B1D-4E63-AD82-4576D50D1FCB}"
EndProject
Project("{FAE04EC0-301F-11D3-BF4B-00C04F79EFBC}") = "DifferenceEngine", "DifferenceEngine\DifferenceEngine.csproj", "{8AE4897A-EA74-49B1-BA55-D892C27AF9C9}"
EndProject
Global
	GlobalSection(SolutionConfigurationPlatforms) = preSolution
		Debug|Any CPU = Debug|Any CPU
		Release|Any CPU = Release|Any CPU
	EndGlobalSection
	GlobalSection(ProjectConfigurationPlatforms) = postSolution
		{71AB0B6A-3CE4-42FC-8E6D-3C41603BA611}.Debug|Any CPU.ActiveCfg = Debug|Any CPU
		{71AB0B6A-3CE4-42FC-8E6D-3C41603BA611}.Debug|Any CPU.Build.0 = Debug|Any CPU
		{71AB0B6A-3CE4-42FC-8E6D-3C41603BA611}.Release|Any CPU.ActiveCfg = Release|Any CPU
		{71AB0B6A-3CE4-42FC-8E6D-3C41603BA611}.Release|Any CPU.Build.0 = Release|Any CPU
		{86EEA000-1B1D-4E63-AD82-4576D50D1FCB}.Debug|Any CPU.ActiveCfg = Debug|Any CPU
		{86EEA000-1B1D-4E63-AD82-4576D50D1FCB}.Debug|Any CPU.Build.0 = Debug|Any CPU
		{86EEA000-1B1D-4E63-AD82-4576D50D1FCB}.Release|Any CPU.ActiveCfg = Release|Any CPU
		{86EEA000-1B1D-4E63-AD82-4576D50D1FCB}.Release|Any CPU.Build.0 = Release|Any CPU
		{8AE4897A-EA74-49B1-BA55-D892C27AF9C9}.Debug|Any CPU.ActiveCfg = Debug|Any CPU
		{8AE4897A-EA74-49B1-BA55-D892C27AF9C9}.Debug|Any CPU.Build.0 = Debug|Any CPU
		{8AE4897A-EA74-49B1-BA55-D892C27AF9C9}.Release|Any CPU.ActiveCfg = Release|Any CPU
		{8AE4897A-EA74-49B1-BA55-D892C27AF9C9}.Release|Any CPU.Build.0 = Release|Any CPU
	EndGlobalSection
	GlobalSection(SolutionProperties) = preSolution
		HideSolutionNode = FALSE
	EndGlobalSection
	GlobalSection(ExtensibilityGlobals) = postSolution
		SolutionGuid = {44161FBD-B549-440C-B928-FB15ECE404D3}
	EndGlobalSection
EndGlobal
